
Microsoft Visual Studio Solution File, Format Version 12.00
# Visual Studio Version 17
VisualStudioVersion = 17.9.34714.143
MinimumVisualStudioVersion = 10.0.40219.1
Project("{FAE04EC0-301F-11D3-BF4B-00C04F79EFBC}") = "MedicineShop", "MedicineShop\MedicineShop.csproj", "{33DE4452-EF70-4745-982E-9B32111C60FB}"
EndProject
Project("{FAE04EC0-301F-11D3-BF4B-00C04F79EFBC}") = "MedicineShop.Tests", "MedicineShop.Tests\MedicineShop.Tests.csproj", "{B6C82AF5-331E-477D-8E2F-1EA5FFBDB9AD}"
EndProject
Global
	GlobalSection(SolutionConfigurationPlatforms) = preSolution
		Debug|Any CPU = Debug|Any CPU
		Release|Any CPU = Release|Any CPU
	EndGlobalSection
	GlobalSection(ProjectConfigurationPlatforms) = postSolution
		{33DE4452-EF70-4745-982E-9B32111C60FB}.Debug|Any CPU.ActiveCfg = Debug|Any CPU
		{33DE4452-EF70-4745-982E-9B32111C60FB}.Debug|Any CPU.Build.0 = Debug|Any CPU
		{33DE4452-EF70-4745-982E-9B32111C60FB}.Release|Any CPU.ActiveCfg = Release|Any CPU
		{33DE4452-EF70-4745-982E-9B32111C60FB}.Release|Any CPU.Build.0 = Release|Any CPU
		{B6C82AF5-331E-477D-8E2F-1EA5FFBDB9AD}.Debug|Any CPU.ActiveCfg = Debug|Any CPU
		{B6C82AF5-331E-477D-8E2F-1EA5FFBDB9AD}.Debug|Any CPU.Build.0 = Debug|Any CPU
		{B6C82AF5-331E-477D-8E2F-1EA5FFBDB9AD}.Release|Any CPU.ActiveCfg = Release|Any CPU
		{B6C82AF5-331E-477D-8E2F-1EA5FFBDB9AD}.Release|Any CPU.Build.0 = Release|Any CPU
	EndGlobalSection
	GlobalSection(SolutionProperties) = preSolution
		HideSolutionNode = FALSE
	EndGlobalSection
	GlobalSection(ExtensibilityGlobals) = postSolution
		SolutionGuid = {34B6AD12-59CA-42B2-87E8-E381C310F2E8}
	EndGlobalSection
EndGlobal
